
Microsoft Visual Studio Solution File, Format Version 12.00
# Visual Studio Version 16
VisualStudioVersion = 16.0.29709.97
MinimumVisualStudioVersion = 10.0.40219.1
Project("{FAE04EC0-301F-11D3-BF4B-00C04F79EFBC}") = "ImportData", "ImportData.csproj", "{66A338EA-F24B-4314-B54A-A3CF083C6E57}"
EndProject
Global
	GlobalSection(SolutionConfigurationPlatforms) = preSolution
		Debug|Any CPU = Debug|Any CPU
		Release|Any CPU = Release|Any CPU
	EndGlobalSection
	GlobalSection(ProjectConfigurationPlatforms) = postSolution
		{66A338EA-F24B-4314-B54A-A3CF083C6E57}.Debug|Any CPU.ActiveCfg = Debug|Any CPU
		{66A338EA-F24B-4314-B54A-A3CF083C6E57}.Debug|Any CPU.Build.0 = Debug|Any CPU
		{66A338EA-F24B-4314-B54A-A3CF083C6E57}.Release|Any CPU.ActiveCfg = Release|Any CPU
		{66A338EA-F24B-4314-B54A-A3CF083C6E57}.Release|Any CPU.Build.0 = Release|Any CPU
	EndGlobalSection
	GlobalSection(SolutionProperties) = preSolution
		HideSolutionNode = FALSE
	EndGlobalSection
	GlobalSection(ExtensibilityGlobals) = postSolution
		SolutionGuid = {F77385D8-0544-43C5-9EDB-CCEE167578F0}
	EndGlobalSection
EndGlobal
